
Microsoft Visual Studio Solution File, Format Version 12.00
# Visual Studio Version 17
VisualStudioVersion = 17.7.34031.279
MinimumVisualStudioVersion = 10.0.40219.1
Project("{FAE04EC0-301F-11D3-BF4B-00C04F79EFBC}") = "urban", "urban\urban.csproj", "{1831B62D-7FF7-49E5-9F73-E3D63FD1ED16}"
EndProject
Global
	GlobalSection(SolutionConfigurationPlatforms) = preSolution
		Debug|Any CPU = Debug|Any CPU
		Release|Any CPU = Release|Any CPU
	EndGlobalSection
	GlobalSection(ProjectConfigurationPlatforms) = postSolution
		{1831B62D-7FF7-49E5-9F73-E3D63FD1ED16}.Debug|Any CPU.ActiveCfg = Debug|Any CPU
		{1831B62D-7FF7-49E5-9F73-E3D63FD1ED16}.Debug|Any CPU.Build.0 = Debug|Any CPU
		{1831B62D-7FF7-49E5-9F73-E3D63FD1ED16}.Release|Any CPU.ActiveCfg = Release|Any CPU
		{1831B62D-7FF7-49E5-9F73-E3D63FD1ED16}.Release|Any CPU.Build.0 = Release|Any CPU
	EndGlobalSection
	GlobalSection(SolutionProperties) = preSolution
		HideSolutionNode = FALSE
	EndGlobalSection
	GlobalSection(ExtensibilityGlobals) = postSolution
		SolutionGuid = {9EBD7E79-7092-43BE-A076-C0F7D6BC3022}
	EndGlobalSection
EndGlobal
